
Microsoft Visual Studio Solution File, Format Version 12.00
# Visual Studio Version 17
VisualStudioVersion = 17.5.002.0
MinimumVisualStudioVersion = 10.0.40219.1
Project("{9A19103F-16F7-4668-BE54-9A1E7A4F7556}") = "appTeste", "appTeste.csproj", "{618D8992-BE3C-4B73-A9A3-7BED626A394D}"
EndProject
Global
	GlobalSection(SolutionConfigurationPlatforms) = preSolution
		Debug|Any CPU = Debug|Any CPU
		Release|Any CPU = Release|Any CPU
	EndGlobalSection
	GlobalSection(ProjectConfigurationPlatforms) = postSolution
		{618D8992-BE3C-4B73-A9A3-7BED626A394D}.Debug|Any CPU.ActiveCfg = Debug|Any CPU
		{618D8992-BE3C-4B73-A9A3-7BED626A394D}.Debug|Any CPU.Build.0 = Debug|Any CPU
		{618D8992-BE3C-4B73-A9A3-7BED626A394D}.Release|Any CPU.ActiveCfg = Release|Any CPU
		{618D8992-BE3C-4B73-A9A3-7BED626A394D}.Release|Any CPU.Build.0 = Release|Any CPU
	EndGlobalSection
	GlobalSection(SolutionProperties) = preSolution
		HideSolutionNode = FALSE
	EndGlobalSection
	GlobalSection(ExtensibilityGlobals) = postSolution
		SolutionGuid = {AD96209B-268D-496E-9071-2FDB2031EAEC}
	EndGlobalSection
EndGlobal
